
Microsoft Visual Studio Solution File, Format Version 9.00
# Visual C++ Express 2005
Project("{8BC9CEB8-8B4A-11D0-8D11-00A0C91BC942}") = "ProductInventoryLib", "ProductInventoryLib\ProductInventoryLib.vcproj", "{19ACA485-4A37-4461-A823-CD75E665346D}"
EndProject
Project("{8BC9CEB8-8B4A-11D0-8D11-00A0C91BC942}") = "ProductInventoryTest", "ProductInventoryTest\ProductInventoryTest.vcproj", "{3A591EF3-6962-4526-BC63-6F280081BD40}"
EndProject
Global
	GlobalSection(SolutionConfigurationPlatforms) = preSolution
		Debug|Win32 = Debug|Win32
		Release|Win32 = Release|Win32
	EndGlobalSection
	GlobalSection(ProjectConfigurationPlatforms) = postSolution
		{19ACA485-4A37-4461-A823-CD75E665346D}.Debug|Win32.ActiveCfg = Debug|Win32
		{19ACA485-4A37-4461-A823-CD75E665346D}.Debug|Win32.Build.0 = Debug|Win32
		{19ACA485-4A37-4461-A823-CD75E665346D}.Release|Win32.ActiveCfg = Release|Win32
		{19ACA485-4A37-4461-A823-CD75E665346D}.Release|Win32.Build.0 = Release|Win32
		{3A591EF3-6962-4526-BC63-6F280081BD40}.Debug|Win32.ActiveCfg = Debug|Win32
		{3A591EF3-6962-4526-BC63-6F280081BD40}.Debug|Win32.Build.0 = Debug|Win32
		{3A591EF3-6962-4526-BC63-6F280081BD40}.Release|Win32.ActiveCfg = Release|Win32
		{3A591EF3-6962-4526-BC63-6F280081BD40}.Release|Win32.Build.0 = Release|Win32
	EndGlobalSection
	GlobalSection(SolutionProperties) = preSolution
		HideSolutionNode = FALSE
	EndGlobalSection
EndGlobal
